
Microsoft Visual Studio Solution File, Format Version 12.00
# Visual Studio Version 16
VisualStudioVersion = 16.0.29519.181
MinimumVisualStudioVersion = 10.0.40219.1
Project("{FAE04EC0-301F-11D3-BF4B-00C04F79EFBC}") = "JavascriptLessons", "JavascriptLessons\JavascriptLessons.csproj", "{47A24CE2-1872-4CBB-AE20-3DD6626680D0}"
EndProject
Global
	GlobalSection(SolutionConfigurationPlatforms) = preSolution
		Debug|Any CPU = Debug|Any CPU
		Release|Any CPU = Release|Any CPU
	EndGlobalSection
	GlobalSection(ProjectConfigurationPlatforms) = postSolution
		{47A24CE2-1872-4CBB-AE20-3DD6626680D0}.Debug|Any CPU.ActiveCfg = Debug|Any CPU
		{47A24CE2-1872-4CBB-AE20-3DD6626680D0}.Debug|Any CPU.Build.0 = Debug|Any CPU
		{47A24CE2-1872-4CBB-AE20-3DD6626680D0}.Release|Any CPU.ActiveCfg = Release|Any CPU
		{47A24CE2-1872-4CBB-AE20-3DD6626680D0}.Release|Any CPU.Build.0 = Release|Any CPU
	EndGlobalSection
	GlobalSection(SolutionProperties) = preSolution
		HideSolutionNode = FALSE
	EndGlobalSection
	GlobalSection(ExtensibilityGlobals) = postSolution
		SolutionGuid = {66B2AFB4-8EFC-4275-A904-029892B3AE6A}
	EndGlobalSection
EndGlobal
